
Microsoft Visual Studio Solution File, Format Version 10.00
# Visual Studio 2008
Project("{8BC9CEB8-8B4A-11D0-8D11-00A0C91BC942}") = "upr3", "upr3\upr3.vcproj", "{F665FB0B-4C32-40F6-8227-9A34DEADB95A}"
EndProject
Global
	GlobalSection(SolutionConfigurationPlatforms) = preSolution
		Debug|Win32 = Debug|Win32
		Release|Win32 = Release|Win32
	EndGlobalSection
	GlobalSection(ProjectConfigurationPlatforms) = postSolution
		{F665FB0B-4C32-40F6-8227-9A34DEADB95A}.Debug|Win32.ActiveCfg = Debug|Win32
		{F665FB0B-4C32-40F6-8227-9A34DEADB95A}.Debug|Win32.Build.0 = Debug|Win32
		{F665FB0B-4C32-40F6-8227-9A34DEADB95A}.Release|Win32.ActiveCfg = Release|Win32
		{F665FB0B-4C32-40F6-8227-9A34DEADB95A}.Release|Win32.Build.0 = Release|Win32
	EndGlobalSection
	GlobalSection(SolutionProperties) = preSolution
		HideSolutionNode = FALSE
	EndGlobalSection
EndGlobal
