
Microsoft Visual Studio Solution File, Format Version 11.00
# Visual Studio 2010
Project("{8BC9CEB8-8B4A-11D0-8D11-00A0C91BC942}") = "dinamicMAsinsertSort", "dinamicMAsinsertSort\dinamicMAsinsertSort.vcxproj", "{C52AE95A-510F-4A1A-8107-BDE43A317E6C}"
EndProject
Global
	GlobalSection(SolutionConfigurationPlatforms) = preSolution
		Debug|Win32 = Debug|Win32
		Release|Win32 = Release|Win32
	EndGlobalSection
	GlobalSection(ProjectConfigurationPlatforms) = postSolution
		{C52AE95A-510F-4A1A-8107-BDE43A317E6C}.Debug|Win32.ActiveCfg = Debug|Win32
		{C52AE95A-510F-4A1A-8107-BDE43A317E6C}.Debug|Win32.Build.0 = Debug|Win32
		{C52AE95A-510F-4A1A-8107-BDE43A317E6C}.Release|Win32.ActiveCfg = Release|Win32
		{C52AE95A-510F-4A1A-8107-BDE43A317E6C}.Release|Win32.Build.0 = Release|Win32
	EndGlobalSection
	GlobalSection(SolutionProperties) = preSolution
		HideSolutionNode = FALSE
	EndGlobalSection
EndGlobal
